
Microsoft Visual Studio Solution File, Format Version 12.00
# Visual Studio 15
VisualStudioVersion = 15.0.28307.168
MinimumVisualStudioVersion = 10.0.40219.1
Project("{FAE04EC0-301F-11D3-BF4B-00C04F79EFBC}") = "Pixel 3 Toolkit", "Pixel 3 Toolkit\Pixel 3 Toolkit.csproj", "{336C128B-88A1-4353-AA44-1A48BF150268}"
EndProject
Global
	GlobalSection(SolutionConfigurationPlatforms) = preSolution
		Debug|Any CPU = Debug|Any CPU
		Release|Any CPU = Release|Any CPU
	EndGlobalSection
	GlobalSection(ProjectConfigurationPlatforms) = postSolution
		{336C128B-88A1-4353-AA44-1A48BF150268}.Debug|Any CPU.ActiveCfg = Debug|Any CPU
		{336C128B-88A1-4353-AA44-1A48BF150268}.Debug|Any CPU.Build.0 = Debug|Any CPU
		{336C128B-88A1-4353-AA44-1A48BF150268}.Release|Any CPU.ActiveCfg = Release|Any CPU
		{336C128B-88A1-4353-AA44-1A48BF150268}.Release|Any CPU.Build.0 = Release|Any CPU
	EndGlobalSection
	GlobalSection(SolutionProperties) = preSolution
		HideSolutionNode = FALSE
	EndGlobalSection
	GlobalSection(ExtensibilityGlobals) = postSolution
		SolutionGuid = {906EB084-D800-45F1-9F66-0AFF3934B18B}
	EndGlobalSection
EndGlobal
